
Microsoft Visual Studio Solution File, Format Version 12.00
# Visual Studio Version 16
VisualStudioVersion = 16.0.30413.136
MinimumVisualStudioVersion = 10.0.40219.1
Project("{FAE04EC0-301F-11D3-BF4B-00C04F79EFBC}") = "RestItemServer", "RestItemServer\RestItemServer.csproj", "{6B3C1A24-86B4-4C42-B41B-D30324D7153B}"
EndProject
Project("{FAE04EC0-301F-11D3-BF4B-00C04F79EFBC}") = "ModelLib", "ModelLib\ModelLib.csproj", "{05C4ABF1-2D77-4D36-AE07-C24D0A7D53E2}"
EndProject
Global
	GlobalSection(SolutionConfigurationPlatforms) = preSolution
		Debug|Any CPU = Debug|Any CPU
		Release|Any CPU = Release|Any CPU
	EndGlobalSection
	GlobalSection(ProjectConfigurationPlatforms) = postSolution
		{6B3C1A24-86B4-4C42-B41B-D30324D7153B}.Debug|Any CPU.ActiveCfg = Debug|Any CPU
		{6B3C1A24-86B4-4C42-B41B-D30324D7153B}.Debug|Any CPU.Build.0 = Debug|Any CPU
		{6B3C1A24-86B4-4C42-B41B-D30324D7153B}.Release|Any CPU.ActiveCfg = Release|Any CPU
		{6B3C1A24-86B4-4C42-B41B-D30324D7153B}.Release|Any CPU.Build.0 = Release|Any CPU
		{05C4ABF1-2D77-4D36-AE07-C24D0A7D53E2}.Debug|Any CPU.ActiveCfg = Debug|Any CPU
		{05C4ABF1-2D77-4D36-AE07-C24D0A7D53E2}.Debug|Any CPU.Build.0 = Debug|Any CPU
		{05C4ABF1-2D77-4D36-AE07-C24D0A7D53E2}.Release|Any CPU.ActiveCfg = Release|Any CPU
		{05C4ABF1-2D77-4D36-AE07-C24D0A7D53E2}.Release|Any CPU.Build.0 = Release|Any CPU
	EndGlobalSection
	GlobalSection(SolutionProperties) = preSolution
		HideSolutionNode = FALSE
	EndGlobalSection
	GlobalSection(ExtensibilityGlobals) = postSolution
		SolutionGuid = {2A5BB2FF-4C1C-4A6A-AC07-E44B6D760EF5}
	EndGlobalSection
EndGlobal
